
Microsoft Visual Studio Solution File, Format Version 11.00
# Visual Studio 2010
Project("{FAE04EC0-301F-11D3-BF4B-00C04F79EFBC}") = "Web", "Web\Web.csproj", "{1F0A1473-0F03-4FD2-AF7C-74B61658C1E1}"
EndProject
Project("{FAE04EC0-301F-11D3-BF4B-00C04F79EFBC}") = "Entities", "Entities\Entities.csproj", "{E15D0A68-E22D-4AD0-AE96-576CC889E140}"
EndProject
Project("{FAE04EC0-301F-11D3-BF4B-00C04F79EFBC}") = "Repository", "Repository\Repository.csproj", "{B299A59D-FE8C-43EE-BDDE-B06A9989A381}"
EndProject
Project("{FAE04EC0-301F-11D3-BF4B-00C04F79EFBC}") = "NHibernate.Mappings", "NHibernate.Mappings\NHibernate.Mappings.csproj", "{539FEF18-F05E-43C4-94CD-A452990A68EE}"
EndProject
Project("{FAE04EC0-301F-11D3-BF4B-00C04F79EFBC}") = "NHibernate.Configuration", "NHibernate.Configuration\NHibernate.Configuration.csproj", "{F08506DC-AAC2-40B9-B0C2-F6962DD56678}"
EndProject
Project("{FAE04EC0-301F-11D3-BF4B-00C04F79EFBC}") = "Domain", "Domain\Domain.csproj", "{EAF075BA-E8D6-4CC6-87BF-7A7E7A29A676}"
EndProject
Project("{FAE04EC0-301F-11D3-BF4B-00C04F79EFBC}") = "DependencyResolver", "DependencyResolver\DependencyResolver.csproj", "{B7871EE6-98A1-4B20-9AB6-AFD443781534}"
EndProject
Project("{FAE04EC0-301F-11D3-BF4B-00C04F79EFBC}") = "Web.Tests", "Web.Tests\Web.Tests.csproj", "{47AB0ADB-BC4C-4209-BDF5-547FADAD88F7}"
EndProject
Project("{2150E333-8FDC-42A3-9474-1A3956D46DE8}") = "Testing", "Testing", "{4224968E-793A-402B-B5DF-5F96DF1F0E22}"
EndProject
Project("{2150E333-8FDC-42A3-9474-1A3956D46DE8}") = "Presentation", "Presentation", "{1DEE3D53-F076-42B3-BE2F-2CF93B775052}"
EndProject
Project("{2150E333-8FDC-42A3-9474-1A3956D46DE8}") = "Application", "Application", "{C7FDAF00-9025-4300-A0CF-EBF245A6802B}"
EndProject
Global
	GlobalSection(SolutionConfigurationPlatforms) = preSolution
		Debug|Any CPU = Debug|Any CPU
		Release|Any CPU = Release|Any CPU
	EndGlobalSection
	GlobalSection(ProjectConfigurationPlatforms) = postSolution
		{1F0A1473-0F03-4FD2-AF7C-74B61658C1E1}.Debug|Any CPU.ActiveCfg = Debug|Any CPU
		{1F0A1473-0F03-4FD2-AF7C-74B61658C1E1}.Debug|Any CPU.Build.0 = Debug|Any CPU
		{1F0A1473-0F03-4FD2-AF7C-74B61658C1E1}.Release|Any CPU.ActiveCfg = Release|Any CPU
		{1F0A1473-0F03-4FD2-AF7C-74B61658C1E1}.Release|Any CPU.Build.0 = Release|Any CPU
		{E15D0A68-E22D-4AD0-AE96-576CC889E140}.Debug|Any CPU.ActiveCfg = Debug|Any CPU
		{E15D0A68-E22D-4AD0-AE96-576CC889E140}.Debug|Any CPU.Build.0 = Debug|Any CPU
		{E15D0A68-E22D-4AD0-AE96-576CC889E140}.Release|Any CPU.ActiveCfg = Release|Any CPU
		{E15D0A68-E22D-4AD0-AE96-576CC889E140}.Release|Any CPU.Build.0 = Release|Any CPU
		{B299A59D-FE8C-43EE-BDDE-B06A9989A381}.Debug|Any CPU.ActiveCfg = Debug|Any CPU
		{B299A59D-FE8C-43EE-BDDE-B06A9989A381}.Debug|Any CPU.Build.0 = Debug|Any CPU
		{B299A59D-FE8C-43EE-BDDE-B06A9989A381}.Release|Any CPU.ActiveCfg = Release|Any CPU
		{B299A59D-FE8C-43EE-BDDE-B06A9989A381}.Release|Any CPU.Build.0 = Release|Any CPU
		{539FEF18-F05E-43C4-94CD-A452990A68EE}.Debug|Any CPU.ActiveCfg = Debug|Any CPU
		{539FEF18-F05E-43C4-94CD-A452990A68EE}.Debug|Any CPU.Build.0 = Debug|Any CPU
		{539FEF18-F05E-43C4-94CD-A452990A68EE}.Release|Any CPU.ActiveCfg = Release|Any CPU
		{539FEF18-F05E-43C4-94CD-A452990A68EE}.Release|Any CPU.Build.0 = Release|Any CPU
		{F08506DC-AAC2-40B9-B0C2-F6962DD56678}.Debug|Any CPU.ActiveCfg = Debug|Any CPU
		{F08506DC-AAC2-40B9-B0C2-F6962DD56678}.Debug|Any CPU.Build.0 = Debug|Any CPU
		{F08506DC-AAC2-40B9-B0C2-F6962DD56678}.Release|Any CPU.ActiveCfg = Release|Any CPU
		{F08506DC-AAC2-40B9-B0C2-F6962DD56678}.Release|Any CPU.Build.0 = Release|Any CPU
		{EAF075BA-E8D6-4CC6-87BF-7A7E7A29A676}.Debug|Any CPU.ActiveCfg = Debug|Any CPU
		{EAF075BA-E8D6-4CC6-87BF-7A7E7A29A676}.Debug|Any CPU.Build.0 = Debug|Any CPU
		{EAF075BA-E8D6-4CC6-87BF-7A7E7A29A676}.Release|Any CPU.ActiveCfg = Release|Any CPU
		{EAF075BA-E8D6-4CC6-87BF-7A7E7A29A676}.Release|Any CPU.Build.0 = Release|Any CPU
		{B7871EE6-98A1-4B20-9AB6-AFD443781534}.Debug|Any CPU.ActiveCfg = Debug|Any CPU
		{B7871EE6-98A1-4B20-9AB6-AFD443781534}.Debug|Any CPU.Build.0 = Debug|Any CPU
		{B7871EE6-98A1-4B20-9AB6-AFD443781534}.Release|Any CPU.ActiveCfg = Release|Any CPU
		{B7871EE6-98A1-4B20-9AB6-AFD443781534}.Release|Any CPU.Build.0 = Release|Any CPU
		{47AB0ADB-BC4C-4209-BDF5-547FADAD88F7}.Debug|Any CPU.ActiveCfg = Debug|Any CPU
		{47AB0ADB-BC4C-4209-BDF5-547FADAD88F7}.Debug|Any CPU.Build.0 = Debug|Any CPU
		{47AB0ADB-BC4C-4209-BDF5-547FADAD88F7}.Release|Any CPU.ActiveCfg = Release|Any CPU
		{47AB0ADB-BC4C-4209-BDF5-547FADAD88F7}.Release|Any CPU.Build.0 = Release|Any CPU
	EndGlobalSection
	GlobalSection(SolutionProperties) = preSolution
		HideSolutionNode = FALSE
	EndGlobalSection
	GlobalSection(NestedProjects) = preSolution
		{47AB0ADB-BC4C-4209-BDF5-547FADAD88F7} = {4224968E-793A-402B-B5DF-5F96DF1F0E22}
		{1F0A1473-0F03-4FD2-AF7C-74B61658C1E1} = {1DEE3D53-F076-42B3-BE2F-2CF93B775052}
		{B7871EE6-98A1-4B20-9AB6-AFD443781534} = {C7FDAF00-9025-4300-A0CF-EBF245A6802B}
		{EAF075BA-E8D6-4CC6-87BF-7A7E7A29A676} = {C7FDAF00-9025-4300-A0CF-EBF245A6802B}
		{E15D0A68-E22D-4AD0-AE96-576CC889E140} = {C7FDAF00-9025-4300-A0CF-EBF245A6802B}
		{F08506DC-AAC2-40B9-B0C2-F6962DD56678} = {C7FDAF00-9025-4300-A0CF-EBF245A6802B}
		{539FEF18-F05E-43C4-94CD-A452990A68EE} = {C7FDAF00-9025-4300-A0CF-EBF245A6802B}
		{B299A59D-FE8C-43EE-BDDE-B06A9989A381} = {C7FDAF00-9025-4300-A0CF-EBF245A6802B}
	EndGlobalSection
EndGlobal
